{
  "version": 4,
  "terraform_version": "1.14.6",
  "serial": 12,
  "lineage": "1605be42-cce3-c673-20a2-1be800e94ebc",
  "outputs": {
    "adresse_ip_publique": {
      "value": "68.221.175.230",
      "type": "string"
    },
    "vm_user": {
      "value": "azureuser",
      "type": "string"
    }
  },
  "resources": [
    {
      "mode": "data",
      "type": "azurerm_public_ip",
      "name": "ip_data",
      "provider": "provider[\"registry.terraform.io/hashicorp/azurerm\"]",
      "instances": [
        {
          "schema_version": 0,
          "attributes": {
            "allocation_method": "Static",
            "ddos_protection_mode": "VirtualNetworkInherited",
            "ddos_protection_plan_id": null,
            "domain_name_label": "",
            "fqdn": "",
            "id": "/subscriptions/5b754559-1394-4346-b913-2b6e5d6f91fe/resourceGroups/EdifisPro-RG/providers/Microsoft.Network/publicIPAddresses/EdifisPro-ip",
            "idle_timeout_in_minutes": 4,
            "ip_address": "68.221.175.230",
            "ip_tags": {},
            "ip_version": "IPv4",
            "location": "spaincentral",
            "name": "EdifisPro-ip",
            "resource_group_name": "EdifisPro-RG",
            "reverse_fqdn": "",
            "sku": "Standard",
            "tags": {},
            "timeouts": null,
            "zones": [
              "1"
            ]
          },
          "sensitive_attributes": [],
          "identity_schema_version": 0
        }
      ]
    },
    {
      "mode": "managed",
      "type": "azurerm_linux_virtual_machine",
      "name": "vm",
      "provider": "provider[\"registry.terraform.io/hashicorp/azurerm\"]",
      "instances": [
        {
          "status": "tainted",
          "schema_version": 0,
          "attributes": {
            "additional_capabilities": [],
            "admin_password": null,
            "admin_ssh_key": [
              {
                "public_key": "ssh-rsa AAAAB3NzaC1yc2EAAAADAQABAAACAQC1a1AUuZtjRtLsBfeqszQ3iwtMXzry+eyQjJBzCRxibZrkdslYwnX/TjwVCJHGsVAlLF/fp5n2SZbUXF1lsl2aFu4r4yDJ8lhfirWOCdoGZ4rkmvAzUs9jRJpn/S/R1lPVwD/XUz6w/DMUbT+fmrfbPfkUjLEqJ0SbUZnJh++FqoBgxmg+liYpZItTdN2gySNHdLvjuqY8Sq23KKDp7K4XgtZWeRG1XIUSghOiC69zTwicg0ULt9Ukm68BUosag+aak2IQKWYz1541uFezx8pY6BWEdqd1OdyxuelMfVRdx+oUra5iryrh2zpZtJkJV6K1AznDx4ecffrgIKFnLG+RfCzk5zFMgzClTjkaYtBBKSXixiaJ5QGVY7m570fjxBew3yUTcMMuAylOwLw8vKxA1b/OwkQIC31N5dOaeulfwdmsMLvPJLyT3RagMRx70IOyvq9SHFW6XgqGMi4Vkom1QtJW1XtKHEKCi7T/Dk1a6/RRm2c1ieaZaNAKGaE1Ls9OV/dbYCplI9m+lNnQWUoHwo61y/s6fAF0LneTTYE2xiZHMt6kbGTXJqKjF8k/3RDU43PLilyc0kXOd2dC/eGrAXApz22EQrxWi1YLyIaYD2WFeTFhImYEVltpZ3E1Nt5SMikGU+hgg+QvfvV5BYYNNd2OORc5ySuEiKRzXuvZFQ== steve@Ignir\r\n",
                "username": "azureuser"
              }
            ],
            "admin_username": "azureuser",
            "allow_extension_operations": true,
            "availability_set_id": "",
            "boot_diagnostics": [],
            "bypass_platform_safety_checks_on_user_schedule_enabled": false,
            "capacity_reservation_group_id": "",
            "computer_name": "EdifisPro-VM",
            "custom_data": "I2Nsb3VkLWNvbmZpZw0KcGFja2FnZV91cGRhdGU6IHRydWUNCnBhY2thZ2VfdXBncmFkZTogdHJ1ZQ0KDQpwYWNrYWdlczoNCiAgLSBjYS1jZXJ0aWZpY2F0ZXMNCiAgLSBjdXJsDQogIC0gZ251cGcNCiAgLSBsc2ItcmVsZWFzZQ0KICAtIGdpdA0KICAtIG5naW54DQoNCndyaXRlX2ZpbGVzOg0KICAtIHBhdGg6IC9ldGMvbmdpbngvc2l0ZXMtYXZhaWxhYmxlL2VkaWZpcy1wcm8NCiAgICBwZXJtaXNzaW9uczogJzA2NDQnDQogICAgY29udGVudDogfA0Kc2VydmVyIHsNCiAgICAgICAgICBsaXN0ZW4gODA7DQogICAgICAgICAgc2VydmVyX25hbWUgXzsNCiAgICAgIA0KICAgICAgICAgIGNsaWVudF9tYXhfYm9keV9zaXplIDIwTTsNCiAgICAgIA0KICAgICAgICAgIGxvY2F0aW9uIC8gew0KICAgICAgICAgICAgICBwcm94eV9wYXNzIGh0dHA6Ly8xMjcuMC4wLjE6ODA4MDsNCiAgICAgICAgICAgICAgcHJveHlfaHR0cF92ZXJzaW9uIDEuMTsNCiAgICAgICAgICAgICAgcHJveHlfc2V0X2hlYWRlciBIb3N0ICRob3N0Ow0KICAgICAgICAgICAgICBwcm94eV9zZXRfaGVhZGVyIFgtUmVhbC1JUCAkcmVtb3RlX2FkZHI7DQogICAgICAgICAgICAgIHByb3h5X3NldF9oZWFkZXIgWC1Gb3J3YXJkZWQtRm9yICRwcm94eV9hZGRfeF9mb3J3YXJkZWRfZm9yOw0KICAgICAgICAgIH0NCiAgICAgIA0KICAgICAgICAgIGxvY2F0aW9uIC9hcGkvIHsNCiAgICAgICAgICAgICAgcHJveHlfcGFzcyBodHRwOi8vMTI3LjAuMC4xOjMwMDAvYXBpLzsNCiAgICAgICAgICAgICAgcHJveHlfaHR0cF92ZXJzaW9uIDEuMTsNCiAgICAgICAgICAgICAgcHJveHlfc2V0X2hlYWRlciBIb3N0ICRob3N0Ow0KICAgICAgICAgICAgICBwcm94eV9zZXRfaGVhZGVyIFgtUmVhbC1JUCAkcmVtb3RlX2FkZHI7DQogICAgICAgICAgICAgIHByb3h5X3NldF9oZWFkZXIgWC1Gb3J3YXJkZWQtRm9yICRwcm94eV9hZGRfeF9mb3J3YXJkZWRfZm9yOw0KICAgICAgICAgIH0NCiAgICAgIA0KICAgICAgICAgIGxvY2F0aW9uIC9hcGktZG9jcy8gew0KICAgICAgICAgICAgICBwcm94eV9wYXNzIGh0dHA6Ly8xMjcuMC4wLjE6MzAwMC9hcGktZG9jcy87DQogICAgICAgICAgICAgIHByb3h5X2h0dHBfdmVyc2lvbiAxLjE7DQogICAgICAgICAgICAgIHByb3h5X3NldF9oZWFkZXIgSG9zdCAkaG9zdDsNCiAgICAgICAgICAgICAgcHJveHlfc2V0X2hlYWRlciBYLVJlYWwtSVAgJHJlbW90ZV9hZGRyOw0KICAgICAgICAgICAgICBwcm94eV9zZXRfaGVhZGVyIFgtRm9yd2FyZGVkLUZvciAkcHJveHlfYWRkX3hfZm9yd2FyZGVkX2ZvcjsNCiAgICAgICAgICB9DQogICAgICB9DQoNCnJ1bmNtZDoNCiAgLSBta2RpciAtcCAvb3B0L2VkaWZpcy1wcm8NCiAgLSBta2RpciAtcCAvb3B0L2VkaWZpcy1wcm8vYmFja2VuZC91cGxvYWRzDQogIC0gbWtkaXIgLXAgL2V0Yy9hcHQva2V5cmluZ3MNCiAgLSBjdXJsIC1mc1NMIGh0dHBzOi8vZG93bmxvYWQuZG9ja2VyLmNvbS9saW51eC91YnVudHUvZ3BnIHwgZ3BnIC0tZGVhcm1vciAtbyAvZXRjL2FwdC9rZXlyaW5ncy9kb2NrZXIuZ3BnDQogIC0gY2htb2QgYStyIC9ldGMvYXB0L2tleXJpbmdzL2RvY2tlci5ncGcNCiAgLSBlY2hvICJkZWIgW2FyY2g9JChkcGtnIC0tcHJpbnQtYXJjaGl0ZWN0dXJlKSBzaWduZWQtYnk9L2V0Yy9hcHQva2V5cmluZ3MvZG9ja2VyLmdwZ10gaHR0cHM6Ly9kb3dubG9hZC5kb2NrZXIuY29tL2xpbnV4L3VidW50dSAkKC4gL2V0Yy9vcy1yZWxlYXNlICYmIGVjaG8gJFZFUlNJT05fQ09ERU5BTUUpIHN0YWJsZSIgfCB0ZWUgL2V0Yy9hcHQvc291cmNlcy5saXN0LmQvZG9ja2VyLmxpc3QgPiAvZGV2L251bGwNCiAgLSBhcHQtZ2V0IHVwZGF0ZQ0KICAtIGFwdC1nZXQgaW5zdGFsbCAteSBkb2NrZXItY2UgZG9ja2VyLWNlLWNsaSBjb250YWluZXJkLmlvIGRvY2tlci1idWlsZHgtcGx1Z2luIGRvY2tlci1jb21wb3NlLXBsdWdpbg0KICAtIHN5c3RlbWN0bCBlbmFibGUgZG9ja2VyDQogIC0gc3lzdGVtY3RsIHN0YXJ0IGRvY2tlcg0KICAtIHVzZXJtb2QgLWFHIGRvY2tlciBhenVyZXVzZXINCiAgLSBybSAtZiAvZXRjL25naW54L3NpdGVzLWVuYWJsZWQvZGVmYXVsdA0KICAtIGxuIC1zIC9ldGMvbmdpbngvc2l0ZXMtYXZhaWxhYmxlL2VkaWZpcy1wcm8gL2V0Yy9uZ2lueC9zaXRlcy1lbmFibGVkL2VkaWZpcy1wcm8NCiAgLSBuZ2lueCAtdA0KICAtIHN5c3RlbWN0bCBlbmFibGUgbmdpbngNCiAgLSBzeXN0ZW1jdGwgcmVzdGFydCBuZ2lueA==",
            "dedicated_host_group_id": "",
            "dedicated_host_id": "",
            "disable_password_authentication": true,
            "disk_controller_type": "SCSI",
            "edge_zone": "",
            "encryption_at_host_enabled": false,
            "eviction_policy": "",
            "extensions_time_budget": "PT1H30M",
            "gallery_application": [],
            "id": "/subscriptions/5b754559-1394-4346-b913-2b6e5d6f91fe/resourceGroups/EdifisPro-RG/providers/Microsoft.Compute/virtualMachines/EdifisPro-VM",
            "identity": [],
            "license_type": "",
            "location": "spaincentral",
            "max_bid_price": -1,
            "name": "EdifisPro-VM",
            "network_interface_ids": [
              "/subscriptions/5b754559-1394-4346-b913-2b6e5d6f91fe/resourceGroups/EdifisPro-RG/providers/Microsoft.Network/networkInterfaces/EdifisPro-nic"
            ],
            "os_disk": [
              {
                "caching": "ReadWrite",
                "diff_disk_settings": [],
                "disk_encryption_set_id": "",
                "disk_size_gb": 30,
                "name": "EdifisPro-VM_OsDisk_1_b0fd793da38445abaec087eda9dd2ebd",
                "secure_vm_disk_encryption_set_id": "",
                "security_encryption_type": "",
                "storage_account_type": "Standard_LRS",
                "write_accelerator_enabled": false
              }
            ],
            "os_image_notification": [],
            "patch_assessment_mode": "ImageDefault",
            "patch_mode": "ImageDefault",
            "plan": [],
            "platform_fault_domain": -1,
            "priority": "Regular",
            "private_ip_address": "10.0.1.4",
            "private_ip_addresses": [
              "10.0.1.4"
            ],
            "provision_vm_agent": true,
            "proximity_placement_group_id": "",
            "public_ip_address": "68.221.175.230",
            "public_ip_addresses": [
              "68.221.175.230"
            ],
            "reboot_setting": "",
            "resource_group_name": "EdifisPro-RG",
            "secret": [],
            "secure_boot_enabled": false,
            "size": "Standard_B2s_v2",
            "source_image_id": "",
            "source_image_reference": [
              {
                "offer": "0001-com-ubuntu-server-jammy",
                "publisher": "Canonical",
                "sku": "22_04-lts-gen2",
                "version": "latest"
              }
            ],
            "tags": null,
            "termination_notification": null,
            "timeouts": null,
            "user_data": "",
            "virtual_machine_id": "ecf83ddf-d2eb-41cd-8549-4e6fc5629f43",
            "virtual_machine_scale_set_id": "",
            "vm_agent_platform_updates_enabled": false,
            "vtpm_enabled": false,
            "zone": "1"
          },
          "sensitive_attributes": [
            [
              {
                "type": "get_attr",
                "value": "admin_password"
              }
            ],
            [
              {
                "type": "get_attr",
                "value": "custom_data"
              }
            ]
          ],
          "identity_schema_version": 0,
          "private": "eyJlMmJmYjczMC1lY2FhLTExZTYtOGY4OC0zNDM2M2JjN2M0YzAiOnsiY3JlYXRlIjoyNzAwMDAwMDAwMDAwLCJkZWxldGUiOjI3MDAwMDAwMDAwMDAsInJlYWQiOjMwMDAwMDAwMDAwMCwidXBkYXRlIjoyNzAwMDAwMDAwMDAwfX0=",
          "dependencies": [
            "azurerm_network_interface.nic",
            "azurerm_public_ip.public_ip",
            "azurerm_resource_group.rg",
            "azurerm_subnet.subnet",
            "azurerm_virtual_network.vnet"
          ]
        }
      ]
    },
    {
      "mode": "managed",
      "type": "azurerm_network_interface",
      "name": "nic",
      "provider": "provider[\"registry.terraform.io/hashicorp/azurerm\"]",
      "instances": [
        {
          "schema_version": 0,
          "attributes": {
            "accelerated_networking_enabled": false,
            "applied_dns_servers": [],
            "auxiliary_mode": "",
            "auxiliary_sku": "",
            "dns_servers": [],
            "edge_zone": "",
            "enable_accelerated_networking": false,
            "enable_ip_forwarding": false,
            "id": "/subscriptions/5b754559-1394-4346-b913-2b6e5d6f91fe/resourceGroups/EdifisPro-RG/providers/Microsoft.Network/networkInterfaces/EdifisPro-nic",
            "internal_dns_name_label": "",
            "internal_domain_name_suffix": "4p01qifbekiujf5hc2abrktzzh.madx.internal.cloudapp.net",
            "ip_configuration": [
              {
                "gateway_load_balancer_frontend_ip_configuration_id": "",
                "name": "internal",
                "primary": true,
                "private_ip_address": "10.0.1.4",
                "private_ip_address_allocation": "Dynamic",
                "private_ip_address_version": "IPv4",
                "public_ip_address_id": "/subscriptions/5b754559-1394-4346-b913-2b6e5d6f91fe/resourceGroups/EdifisPro-RG/providers/Microsoft.Network/publicIPAddresses/EdifisPro-ip",
                "subnet_id": "/subscriptions/5b754559-1394-4346-b913-2b6e5d6f91fe/resourceGroups/EdifisPro-RG/providers/Microsoft.Network/virtualNetworks/EdifisPro-vnet/subnets/EdifisPro-subnet"
              }
            ],
            "ip_forwarding_enabled": false,
            "location": "spaincentral",
            "mac_address": "",
            "name": "EdifisPro-nic",
            "private_ip_address": "10.0.1.4",
            "private_ip_addresses": [
              "10.0.1.4"
            ],
            "resource_group_name": "EdifisPro-RG",
            "tags": null,
            "timeouts": null,
            "virtual_machine_id": ""
          },
          "sensitive_attributes": [],
          "identity_schema_version": 0,
          "private": "eyJlMmJmYjczMC1lY2FhLTExZTYtOGY4OC0zNDM2M2JjN2M0YzAiOnsiY3JlYXRlIjoxODAwMDAwMDAwMDAwLCJkZWxldGUiOjE4MDAwMDAwMDAwMDAsInJlYWQiOjMwMDAwMDAwMDAwMCwidXBkYXRlIjoxODAwMDAwMDAwMDAwfX0=",
          "dependencies": [
            "azurerm_public_ip.public_ip",
            "azurerm_resource_group.rg",
            "azurerm_subnet.subnet",
            "azurerm_virtual_network.vnet"
          ]
        }
      ]
    },
    {
      "mode": "managed",
      "type": "azurerm_network_interface_security_group_association",
      "name": "example",
      "provider": "provider[\"registry.terraform.io/hashicorp/azurerm\"]",
      "instances": [
        {
          "schema_version": 0,
          "attributes": {
            "id": "/subscriptions/5b754559-1394-4346-b913-2b6e5d6f91fe/resourceGroups/EdifisPro-RG/providers/Microsoft.Network/networkInterfaces/EdifisPro-nic|/subscriptions/5b754559-1394-4346-b913-2b6e5d6f91fe/resourceGroups/EdifisPro-RG/providers/Microsoft.Network/networkSecurityGroups/EdifisPro-nsg",
            "network_interface_id": "/subscriptions/5b754559-1394-4346-b913-2b6e5d6f91fe/resourceGroups/EdifisPro-RG/providers/Microsoft.Network/networkInterfaces/EdifisPro-nic",
            "network_security_group_id": "/subscriptions/5b754559-1394-4346-b913-2b6e5d6f91fe/resourceGroups/EdifisPro-RG/providers/Microsoft.Network/networkSecurityGroups/EdifisPro-nsg",
            "timeouts": null
          },
          "sensitive_attributes": [],
          "identity_schema_version": 0,
          "private": "eyJlMmJmYjczMC1lY2FhLTExZTYtOGY4OC0zNDM2M2JjN2M0YzAiOnsiY3JlYXRlIjoxODAwMDAwMDAwMDAwLCJkZWxldGUiOjE4MDAwMDAwMDAwMDAsInJlYWQiOjMwMDAwMDAwMDAwMH19",
          "dependencies": [
            "azurerm_network_interface.nic",
            "azurerm_network_security_group.nsg",
            "azurerm_public_ip.public_ip",
            "azurerm_resource_group.rg",
            "azurerm_subnet.subnet",
            "azurerm_virtual_network.vnet"
          ]
        }
      ]
    },
    {
      "mode": "managed",
      "type": "azurerm_network_security_group",
      "name": "nsg",
      "provider": "provider[\"registry.terraform.io/hashicorp/azurerm\"]",
      "instances": [
        {
          "schema_version": 0,
          "attributes": {
            "id": "/subscriptions/5b754559-1394-4346-b913-2b6e5d6f91fe/resourceGroups/EdifisPro-RG/providers/Microsoft.Network/networkSecurityGroups/EdifisPro-nsg",
            "location": "spaincentral",
            "name": "EdifisPro-nsg",
            "resource_group_name": "EdifisPro-RG",
            "security_rule": [
              {
                "access": "Allow",
                "description": "",
                "destination_address_prefix": "*",
                "destination_address_prefixes": [],
                "destination_application_security_group_ids": [],
                "destination_port_range": "22",
                "destination_port_ranges": [],
                "direction": "Inbound",
                "name": "SSH",
                "priority": 1000,
                "protocol": "Tcp",
                "source_address_prefix": "*",
                "source_address_prefixes": [],
                "source_application_security_group_ids": [],
                "source_port_range": "*",
                "source_port_ranges": []
              },
              {
                "access": "Allow",
                "description": "",
                "destination_address_prefix": "*",
                "destination_address_prefixes": [],
                "destination_application_security_group_ids": [],
                "destination_port_range": "443",
                "destination_port_ranges": [],
                "direction": "Inbound",
                "name": "HTTPS",
                "priority": 1002,
                "protocol": "Tcp",
                "source_address_prefix": "*",
                "source_address_prefixes": [],
                "source_application_security_group_ids": [],
                "source_port_range": "*",
                "source_port_ranges": []
              },
              {
                "access": "Allow",
                "description": "",
                "destination_address_prefix": "*",
                "destination_address_prefixes": [],
                "destination_application_security_group_ids": [],
                "destination_port_range": "80",
                "destination_port_ranges": [],
                "direction": "Inbound",
                "name": "HTTP",
                "priority": 1001,
                "protocol": "Tcp",
                "source_address_prefix": "*",
                "source_address_prefixes": [],
                "source_application_security_group_ids": [],
                "source_port_range": "*",
                "source_port_ranges": []
              }
            ],
            "tags": null,
            "timeouts": null
          },
          "sensitive_attributes": [],
          "identity_schema_version": 0,
          "private": "eyJlMmJmYjczMC1lY2FhLTExZTYtOGY4OC0zNDM2M2JjN2M0YzAiOnsiY3JlYXRlIjoxODAwMDAwMDAwMDAwLCJkZWxldGUiOjE4MDAwMDAwMDAwMDAsInJlYWQiOjMwMDAwMDAwMDAwMCwidXBkYXRlIjoxODAwMDAwMDAwMDAwfX0=",
          "dependencies": [
            "azurerm_resource_group.rg"
          ]
        }
      ]
    },
    {
      "mode": "managed",
      "type": "azurerm_public_ip",
      "name": "public_ip",
      "provider": "provider[\"registry.terraform.io/hashicorp/azurerm\"]",
      "instances": [
        {
          "schema_version": 0,
          "attributes": {
            "allocation_method": "Static",
            "ddos_protection_mode": "VirtualNetworkInherited",
            "ddos_protection_plan_id": null,
            "domain_name_label": null,
            "edge_zone": "",
            "fqdn": null,
            "id": "/subscriptions/5b754559-1394-4346-b913-2b6e5d6f91fe/resourceGroups/EdifisPro-RG/providers/Microsoft.Network/publicIPAddresses/EdifisPro-ip",
            "idle_timeout_in_minutes": 4,
            "ip_address": "68.221.175.230",
            "ip_tags": null,
            "ip_version": "IPv4",
            "location": "spaincentral",
            "name": "EdifisPro-ip",
            "public_ip_prefix_id": null,
            "resource_group_name": "EdifisPro-RG",
            "reverse_fqdn": null,
            "sku": "Standard",
            "sku_tier": "Regional",
            "tags": null,
            "timeouts": null,
            "zones": [
              "1"
            ]
          },
          "sensitive_attributes": [],
          "identity_schema_version": 0,
          "private": "eyJlMmJmYjczMC1lY2FhLTExZTYtOGY4OC0zNDM2M2JjN2M0YzAiOnsiY3JlYXRlIjoxODAwMDAwMDAwMDAwLCJkZWxldGUiOjE4MDAwMDAwMDAwMDAsInJlYWQiOjMwMDAwMDAwMDAwMCwidXBkYXRlIjoxODAwMDAwMDAwMDAwfX0=",
          "dependencies": [
            "azurerm_resource_group.rg"
          ]
        }
      ]
    },
    {
      "mode": "managed",
      "type": "azurerm_resource_group",
      "name": "rg",
      "provider": "provider[\"registry.terraform.io/hashicorp/azurerm\"]",
      "instances": [
        {
          "schema_version": 0,
          "attributes": {
            "id": "/subscriptions/5b754559-1394-4346-b913-2b6e5d6f91fe/resourceGroups/EdifisPro-RG",
            "location": "spaincentral",
            "managed_by": "",
            "name": "EdifisPro-RG",
            "tags": null,
            "timeouts": null
          },
          "sensitive_attributes": [],
          "identity_schema_version": 0,
          "private": "eyJlMmJmYjczMC1lY2FhLTExZTYtOGY4OC0zNDM2M2JjN2M0YzAiOnsiY3JlYXRlIjo1NDAwMDAwMDAwMDAwLCJkZWxldGUiOjU0MDAwMDAwMDAwMDAsInJlYWQiOjMwMDAwMDAwMDAwMCwidXBkYXRlIjo1NDAwMDAwMDAwMDAwfX0="
        }
      ]
    },
    {
      "mode": "managed",
      "type": "azurerm_subnet",
      "name": "subnet",
      "provider": "provider[\"registry.terraform.io/hashicorp/azurerm\"]",
      "instances": [
        {
          "schema_version": 0,
          "attributes": {
            "address_prefixes": [
              "10.0.1.0/24"
            ],
            "default_outbound_access_enabled": true,
            "delegation": [],
            "enforce_private_link_endpoint_network_policies": false,
            "enforce_private_link_service_network_policies": false,
            "id": "/subscriptions/5b754559-1394-4346-b913-2b6e5d6f91fe/resourceGroups/EdifisPro-RG/providers/Microsoft.Network/virtualNetworks/EdifisPro-vnet/subnets/EdifisPro-subnet",
            "name": "EdifisPro-subnet",
            "private_endpoint_network_policies": "Enabled",
            "private_endpoint_network_policies_enabled": true,
            "private_link_service_network_policies_enabled": true,
            "resource_group_name": "EdifisPro-RG",
            "service_endpoint_policy_ids": null,
            "service_endpoints": null,
            "timeouts": null,
            "virtual_network_name": "EdifisPro-vnet"
          },
          "sensitive_attributes": [],
          "identity_schema_version": 0,
          "private": "eyJlMmJmYjczMC1lY2FhLTExZTYtOGY4OC0zNDM2M2JjN2M0YzAiOnsiY3JlYXRlIjoxODAwMDAwMDAwMDAwLCJkZWxldGUiOjE4MDAwMDAwMDAwMDAsInJlYWQiOjMwMDAwMDAwMDAwMCwidXBkYXRlIjoxODAwMDAwMDAwMDAwfX0=",
          "dependencies": [
            "azurerm_resource_group.rg",
            "azurerm_virtual_network.vnet"
          ]
        }
      ]
    },
    {
      "mode": "managed",
      "type": "azurerm_virtual_network",
      "name": "vnet",
      "provider": "provider[\"registry.terraform.io/hashicorp/azurerm\"]",
      "instances": [
        {
          "schema_version": 0,
          "attributes": {
            "address_space": [
              "10.0.0.0/16"
            ],
            "bgp_community": "",
            "ddos_protection_plan": [],
            "dns_servers": [],
            "edge_zone": "",
            "encryption": [],
            "flow_timeout_in_minutes": 0,
            "guid": "20b8f5f3-22a1-4491-97e7-170018aa79cf",
            "id": "/subscriptions/5b754559-1394-4346-b913-2b6e5d6f91fe/resourceGroups/EdifisPro-RG/providers/Microsoft.Network/virtualNetworks/EdifisPro-vnet",
            "location": "spaincentral",
            "name": "EdifisPro-vnet",
            "resource_group_name": "EdifisPro-RG",
            "subnet": [],
            "tags": null,
            "timeouts": null
          },
          "sensitive_attributes": [],
          "identity_schema_version": 0,
          "private": "eyJlMmJmYjczMC1lY2FhLTExZTYtOGY4OC0zNDM2M2JjN2M0YzAiOnsiY3JlYXRlIjoxODAwMDAwMDAwMDAwLCJkZWxldGUiOjE4MDAwMDAwMDAwMDAsInJlYWQiOjMwMDAwMDAwMDAwMCwidXBkYXRlIjoxODAwMDAwMDAwMDAwfX0=",
          "dependencies": [
            "azurerm_resource_group.rg"
          ]
        }
      ]
    }
  ],
  "check_results": null
}
